
Microsoft Visual Studio Solution File, Format Version 12.00
# Visual Studio Version 17
VisualStudioVersion = 17.9.34728.123
MinimumVisualStudioVersion = 10.0.40219.1
Project("{FAE04EC0-301F-11D3-BF4B-00C04F79EFBC}") = "DroidBatlle", "DroidBatlle.csproj", "{689232BE-10B9-4280-95C4-862EC96FB6C2}"
EndProject
Global
	GlobalSection(SolutionConfigurationPlatforms) = preSolution
		Debug|Any CPU = Debug|Any CPU
		Release|Any CPU = Release|Any CPU
	EndGlobalSection
	GlobalSection(ProjectConfigurationPlatforms) = postSolution
		{689232BE-10B9-4280-95C4-862EC96FB6C2}.Debug|Any CPU.ActiveCfg = Debug|Any CPU
		{689232BE-10B9-4280-95C4-862EC96FB6C2}.Debug|Any CPU.Build.0 = Debug|Any CPU
		{689232BE-10B9-4280-95C4-862EC96FB6C2}.Release|Any CPU.ActiveCfg = Release|Any CPU
		{689232BE-10B9-4280-95C4-862EC96FB6C2}.Release|Any CPU.Build.0 = Release|Any CPU
	EndGlobalSection
	GlobalSection(SolutionProperties) = preSolution
		HideSolutionNode = FALSE
	EndGlobalSection
	GlobalSection(ExtensibilityGlobals) = postSolution
		SolutionGuid = {A28EC054-13A6-4613-9ACC-014D4B253FB5}
	EndGlobalSection
EndGlobal
